
Microsoft Visual Studio Solution File, Format Version 12.00
# Visual Studio 15
VisualStudioVersion = 15.0.28307.572
MinimumVisualStudioVersion = 10.0.40219.1
Project("{FAE04EC0-301F-11D3-BF4B-00C04F79EFBC}") = "NameSpaces_CSharp", "NameSpaces_CSharp\NameSpaces_CSharp.csproj", "{BADF47A0-D794-46A9-913D-A9DCB91BE04E}"
EndProject
Global
	GlobalSection(SolutionConfigurationPlatforms) = preSolution
		Debug|Any CPU = Debug|Any CPU
		Release|Any CPU = Release|Any CPU
	EndGlobalSection
	GlobalSection(ProjectConfigurationPlatforms) = postSolution
		{BADF47A0-D794-46A9-913D-A9DCB91BE04E}.Debug|Any CPU.ActiveCfg = Debug|Any CPU
		{BADF47A0-D794-46A9-913D-A9DCB91BE04E}.Debug|Any CPU.Build.0 = Debug|Any CPU
		{BADF47A0-D794-46A9-913D-A9DCB91BE04E}.Release|Any CPU.ActiveCfg = Release|Any CPU
		{BADF47A0-D794-46A9-913D-A9DCB91BE04E}.Release|Any CPU.Build.0 = Release|Any CPU
	EndGlobalSection
	GlobalSection(SolutionProperties) = preSolution
		HideSolutionNode = FALSE
	EndGlobalSection
	GlobalSection(ExtensibilityGlobals) = postSolution
		SolutionGuid = {FDB2273B-F94F-44AE-960F-E6A4BCF5AE1B}
	EndGlobalSection
EndGlobal
